// !$*UTF8*$!
{
	archiveVersion = 1;
	classes = {
	};
	objectVersion = 46;
	objects = {

/* Begin PBXBuildFile section */
		CBAFBAFE1C998F7600886E64 /* libiomp5.dylib in Frameworks */ = {isa = PBXBuildFile; fileRef = CBAFBAFA1C980B4600886E64 /* libiomp5.dylib */; };
		CBD68EC51C9716C7006F8B72 /* Arrivals.cpp in Sources */ = {isa = PBXBuildFile; fileRef = CBD68EBC1C9716C7006F8B72 /* Arrivals.cpp */; };
		CBD68EC61C9716C7006F8B72 /* Arrivals.hpp in Sources */ = {isa = PBXBuildFile; fileRef = CBD68EBD1C9716C7006F8B72 /* Arrivals.hpp */; };
		CBD68EC71C9716C7006F8B72 /* Decoder.cpp in Sources */ = {isa = PBXBuildFile; fileRef = CBD68EBE1C9716C7006F8B72 /* Decoder.cpp */; };
		CBD68EC81C9716C7006F8B72 /* Decoder.hpp in Sources */ = {isa = PBXBuildFile; fileRef = CBD68EBF1C9716C7006F8B72 /* Decoder.hpp */; };
		CBD68EC91C9716C7006F8B72 /* Encoder.cpp in Sources */ = {isa = PBXBuildFile; fileRef = CBD68EC01C9716C7006F8B72 /* Encoder.cpp */; };
		CBD68ECA1C9716C7006F8B72 /* Encoder.hpp in Sources */ = {isa = PBXBuildFile; fileRef = CBD68EC11C9716C7006F8B72 /* Encoder.hpp */; };
		CBD68ECB1C9716C7006F8B72 /* main.cpp in Sources */ = {isa = PBXBuildFile; fileRef = CBD68EC21C9716C7006F8B72 /* main.cpp */; };
		CBD68ECC1C9716C7006F8B72 /* Node.cpp in Sources */ = {isa = PBXBuildFile; fileRef = CBD68EC31C9716C7006F8B72 /* Node.cpp */; };
		CBD68ECD1C9716C7006F8B72 /* Node.hpp in Sources */ = {isa = PBXBuildFile; fileRef = CBD68EC41C9716C7006F8B72 /* Node.hpp */; };
/* End PBXBuildFile section */

/* Begin PBXCopyFilesBuildPhase section */
		CBD68EB01C971676006F8B72 /* Copy Files */ = {
			isa = PBXCopyFilesBuildPhase;
			buildActionMask = 2147483647;
			dstPath = /usr/share/man/man1/;
			dstSubfolderSpec = 0;
			files = (
			);
			name = "Copy Files";
			runOnlyForDeploymentPostprocessing = 1;
		};
/* End PBXCopyFilesBuildPhase section */

/* Begin PBXFileReference section */
		CBAFBAFA1C980B4600886E64 /* libiomp5.dylib */ = {isa = PBXFileReference; lastKnownFileType = "compiled.mach-o.dylib"; name = libiomp5.dylib; path = ../../../../../usr/local/Cellar/libiomp/20150401/lib/libiomp5.dylib; sourceTree = "<group>"; };
		CBD68EB21C971676006F8B72 /* CSA_simulator_simple */ = {isa = PBXFileReference; explicitFileType = "compiled.mach-o.executable"; includeInIndex = 0; path = CSA_simulator_simple; sourceTree = BUILT_PRODUCTS_DIR; };
		CBD68EBC1C9716C7006F8B72 /* Arrivals.cpp */ = {isa = PBXFileReference; lastKnownFileType = sourcecode.cpp.cpp; path = Arrivals.cpp; sourceTree = "<group>"; };
		CBD68EBD1C9716C7006F8B72 /* Arrivals.hpp */ = {isa = PBXFileReference; lastKnownFileType = sourcecode.cpp.h; path = Arrivals.hpp; sourceTree = "<group>"; };
		CBD68EBE1C9716C7006F8B72 /* Decoder.cpp */ = {isa = PBXFileReference; lastKnownFileType = sourcecode.cpp.cpp; path = Decoder.cpp; sourceTree = "<group>"; };
		CBD68EBF1C9716C7006F8B72 /* Decoder.hpp */ = {isa = PBXFileReference; lastKnownFileType = sourcecode.cpp.h; path = Decoder.hpp; sourceTree = "<group>"; };
		CBD68EC01C9716C7006F8B72 /* Encoder.cpp */ = {isa = PBXFileReference; lastKnownFileType = sourcecode.cpp.cpp; path = Encoder.cpp; sourceTree = "<group>"; };
		CBD68EC11C9716C7006F8B72 /* Encoder.hpp */ = {isa = PBXFileReference; lastKnownFileType = sourcecode.cpp.h; path = Encoder.hpp; sourceTree = "<group>"; };
		CBD68EC21C9716C7006F8B72 /* main.cpp */ = {isa = PBXFileReference; lastKnownFileType = sourcecode.cpp.cpp; lineEnding = 0; path = main.cpp; sourceTree = "<group>"; xcLanguageSpecificationIdentifier = xcode.lang.cpp; };
		CBD68EC31C9716C7006F8B72 /* Node.cpp */ = {isa = PBXFileReference; lastKnownFileType = sourcecode.cpp.cpp; path = Node.cpp; sourceTree = "<group>"; };
		CBD68EC41C9716C7006F8B72 /* Node.hpp */ = {isa = PBXFileReference; lastKnownFileType = sourcecode.cpp.h; path = Node.hpp; sourceTree = "<group>"; };
/* End PBXFileReference section */

/* Begin PBXFrameworksBuildPhase section */
		CBD68EAF1C971676006F8B72 /* Frameworks */ = {
			isa = PBXFrameworksBuildPhase;
			buildActionMask = 2147483647;
			files = (
				CBAFBAFE1C998F7600886E64 /* libiomp5.dylib in Frameworks */,
			);
			runOnlyForDeploymentPostprocessing = 0;
		};
/* End PBXFrameworksBuildPhase section */

/* Begin PBXGroup section */
		CBD68EA91C971676006F8B72 = {
			isa = PBXGroup;
			children = (
				CBD68EBC1C9716C7006F8B72 /* Arrivals.cpp */,
				CBD68EBD1C9716C7006F8B72 /* Arrivals.hpp */,
				CBD68EBE1C9716C7006F8B72 /* Decoder.cpp */,
				CBD68EBF1C9716C7006F8B72 /* Decoder.hpp */,
				CBD68EC01C9716C7006F8B72 /* Encoder.cpp */,
				CBD68EC11C9716C7006F8B72 /* Encoder.hpp */,
				CBD68EC21C9716C7006F8B72 /* main.cpp */,
				CBD68EC31C9716C7006F8B72 /* Node.cpp */,
				CBD68EC41C9716C7006F8B72 /* Node.hpp */,
				CBD68EB41C971676006F8B72 /* CSA_simulator_simple */,
				CBD68EB31C971676006F8B72 /* Products */,
				CBAFBAFA1C980B4600886E64 /* libiomp5.dylib */,
			);
			sourceTree = "<group>";
		};
		CBD68EB31C971676006F8B72 /* Products */ = {
			isa = PBXGroup;
			children = (
				CBD68EB21C971676006F8B72 /* CSA_simulator_simple */,
			);
			name = Products;
			sourceTree = "<group>";
		};
		CBD68EB41C971676006F8B72 /* CSA_simulator_simple */ = {
			isa = PBXGroup;
			children = (
			);
			path = CSA_simulator_simple;
			sourceTree = "<group>";
		};
/* End PBXGroup section */

/* Begin PBXNativeTarget section */
		CBD68EB11C971676006F8B72 /* CSA_simulator_simple */ = {
			isa = PBXNativeTarget;
			buildConfigurationList = CBD68EB91C971676006F8B72 /* Build configuration list for PBXNativeTarget "CSA_simulator_simple" */;
			buildPhases = (
				CBD68EAE1C971676006F8B72 /* Sources */,
				CBD68EAF1C971676006F8B72 /* Frameworks */,
				CBD68EB01C971676006F8B72 /* Copy Files */,
			);
			buildRules = (
			);
			dependencies = (
			);
			name = CSA_simulator_simple;
			productName = CSA_simulator_simple;
			productReference = CBD68EB21C971676006F8B72 /* CSA_simulator_simple */;
			productType = "com.apple.product-type.tool";
		};
/* End PBXNativeTarget section */

/* Begin PBXProject section */
		CBD68EAA1C971676006F8B72 /* Project object */ = {
			isa = PBXProject;
			attributes = {
				LastUpgradeCheck = 0700;
				ORGANIZATIONNAME = "Erik Sandgren";
				TargetAttributes = {
					CBD68EB11C971676006F8B72 = {
						CreatedOnToolsVersion = 7.0.1;
					};
				};
			};
			buildConfigurationList = CBD68EAD1C971676006F8B72 /* Build configuration list for PBXProject "CSA_simulator_simple" */;
			compatibilityVersion = "Xcode 3.2";
			developmentRegion = English;
			hasScannedForEncodings = 0;
			knownRegions = (
				en,
			);
			mainGroup = CBD68EA91C971676006F8B72;
			productRefGroup = CBD68EB31C971676006F8B72 /* Products */;
			projectDirPath = "";
			projectRoot = "";
			targets = (
				CBD68EB11C971676006F8B72 /* CSA_simulator_simple */,
			);
		};
/* End PBXProject section */

/* Begin PBXSourcesBuildPhase section */
		CBD68EAE1C971676006F8B72 /* Sources */ = {
			isa = PBXSourcesBuildPhase;
			buildActionMask = 2147483647;
			files = (
				CBD68EC51C9716C7006F8B72 /* Arrivals.cpp in Sources */,
				CBD68EC61C9716C7006F8B72 /* Arrivals.hpp in Sources */,
				CBD68EC71C9716C7006F8B72 /* Decoder.cpp in Sources */,
				CBD68EC81C9716C7006F8B72 /* Decoder.hpp in Sources */,
				CBD68EC91C9716C7006F8B72 /* Encoder.cpp in Sources */,
				CBD68ECA1C9716C7006F8B72 /* Encoder.hpp in Sources */,
				CBD68ECB1C9716C7006F8B72 /* main.cpp in Sources */,
				CBD68ECC1C9716C7006F8B72 /* Node.cpp in Sources */,
				CBD68ECD1C9716C7006F8B72 /* Node.hpp in Sources */,
			);
			runOnlyForDeploymentPostprocessing = 0;
		};
/* End PBXSourcesBuildPhase section */

/* Begin XCBuildConfiguration section */
		CBD68EB71C971676006F8B72 /* Debug */ = {
			isa = XCBuildConfiguration;
			buildSettings = {
				ALWAYS_SEARCH_USER_PATHS = YES;
				CLANG_CXX_LANGUAGE_STANDARD = "gnu++0x";
				CLANG_CXX_LIBRARY = "libc++";
				CLANG_ENABLE_MODULES = YES;
				CLANG_ENABLE_OBJC_ARC = YES;
				CLANG_WARN_BOOL_CONVERSION = YES;
				CLANG_WARN_CONSTANT_CONVERSION = YES;
				CLANG_WARN_DIRECT_OBJC_ISA_USAGE = YES_ERROR;
				CLANG_WARN_EMPTY_BODY = YES;
				CLANG_WARN_ENUM_CONVERSION = YES;
				CLANG_WARN_INT_CONVERSION = YES;
				CLANG_WARN_OBJC_ROOT_CLASS = YES_ERROR;
				CLANG_WARN_UNREACHABLE_CODE = YES;
				CLANG_WARN__DUPLICATE_METHOD_MATCH = YES;
				COPY_PHASE_STRIP = NO;
				DEBUG_INFORMATION_FORMAT = dwarf;
				ENABLE_STRICT_OBJC_MSGSEND = YES;
				ENABLE_TESTABILITY = YES;
				GCC_C_LANGUAGE_STANDARD = gnu99;
				GCC_DYNAMIC_NO_PIC = NO;
				GCC_NO_COMMON_BLOCKS = YES;
				GCC_OPTIMIZATION_LEVEL = 0;
				GCC_PREPROCESSOR_DEFINITIONS = (
					"DEBUG=1",
					"$(inherited)",
				);
				GCC_WARN_64_TO_32_BIT_CONVERSION = YES;
				GCC_WARN_ABOUT_RETURN_TYPE = YES_ERROR;
				GCC_WARN_UNDECLARED_SELECTOR = YES;
				GCC_WARN_UNINITIALIZED_AUTOS = YES_AGGRESSIVE;
				GCC_WARN_UNUSED_FUNCTION = YES;
				GCC_WARN_UNUSED_VARIABLE = YES;
				HEADER_SEARCH_PATHS = (
					/usr/local/include,
					/usr/local/Library,
				);
				"HEADER_SEARCH_PATHS[arch=*]" = (
					/usr/local/include,
					/usr/local/Library,
				);
				MACOSX_DEPLOYMENT_TARGET = 10.10;
				MTL_ENABLE_DEBUG_INFO = YES;
				ONLY_ACTIVE_ARCH = YES;
				OTHER_CFLAGS = "";
				SDKROOT = macosx;
			};
			name = Debug;
		};
		CBD68EB81C971676006F8B72 /* Release */ = {
			isa = XCBuildConfiguration;
			buildSettings = {
				ALWAYS_SEARCH_USER_PATHS = YES;
				CLANG_CXX_LANGUAGE_STANDARD = "gnu++0x";
				CLANG_CXX_LIBRARY = "libc++";
				CLANG_ENABLE_MODULES = YES;
				CLANG_ENABLE_OBJC_ARC = YES;
				CLANG_WARN_BOOL_CONVERSION = YES;
				CLANG_WARN_CONSTANT_CONVERSION = YES;
				CLANG_WARN_DIRECT_OBJC_ISA_USAGE = YES_ERROR;
				CLANG_WARN_EMPTY_BODY = YES;
				CLANG_WARN_ENUM_CONVERSION = YES;
				CLANG_WARN_INT_CONVERSION = YES;
				CLANG_WARN_OBJC_ROOT_CLASS = YES_ERROR;
				CLANG_WARN_UNREACHABLE_CODE = YES;
				CLANG_WARN__DUPLICATE_METHOD_MATCH = YES;
				COPY_PHASE_STRIP = NO;
				DEBUG_INFORMATION_FORMAT = "dwarf-with-dsym";
				ENABLE_NS_ASSERTIONS = NO;
				ENABLE_STRICT_OBJC_MSGSEND = YES;
				GCC_C_LANGUAGE_STANDARD = gnu99;
				GCC_NO_COMMON_BLOCKS = YES;
				GCC_WARN_64_TO_32_BIT_CONVERSION = YES;
				GCC_WARN_ABOUT_RETURN_TYPE = YES_ERROR;
				GCC_WARN_UNDECLARED_SELECTOR = YES;
				GCC_WARN_UNINITIALIZED_AUTOS = YES_AGGRESSIVE;
				GCC_WARN_UNUSED_FUNCTION = YES;
				GCC_WARN_UNUSED_VARIABLE = YES;
				HEADER_SEARCH_PATHS = (
					/usr/local/include,
					/usr/local/Library,
				);
				"HEADER_SEARCH_PATHS[arch=*]" = (
					/usr/local/include,
					/usr/local/Library,
				);
				MACOSX_DEPLOYMENT_TARGET = 10.10;
				MTL_ENABLE_DEBUG_INFO = NO;
				OTHER_CFLAGS = "";
				SDKROOT = macosx;
			};
			name = Release;
		};
		CBD68EBA1C971676006F8B72 /* Debug */ = {
			isa = XCBuildConfiguration;
			buildSettings = {
				ALWAYS_SEARCH_USER_PATHS = NO;
				CC = "";
				CLANG_CXX_LANGUAGE_STANDARD = "gnu++0x";
				CLANG_CXX_LIBRARY = "libc++";
				CLANG_ENABLE_OBJC_ARC = YES;
				GCC_C_LANGUAGE_STANDARD = gnu99;
				GCC_NO_COMMON_BLOCKS = YES;
				GCC_OPTIMIZATION_LEVEL = 0;
				GCC_WARN_UNDECLARED_SELECTOR = YES;
				GCC_WARN_UNINITIALIZED_AUTOS = YES_AGGRESSIVE;
				LIBRARY_SEARCH_PATHS = (
					"$(inherited)",
					/usr/local/Cellar/libiomp/20150401/lib,
				);
				MACOSX_DEPLOYMENT_TARGET = 10.10;
				OTHER_CFLAGS = "-fopenmp";
				PRODUCT_NAME = "$(TARGET_NAME)";
				SDKROOT = macosx;
			};
			name = Debug;
		};
		CBD68EBB1C971676006F8B72 /* Release */ = {
			isa = XCBuildConfiguration;
			buildSettings = {
				ALWAYS_SEARCH_USER_PATHS = NO;
				CC = "";
				CLANG_CXX_LANGUAGE_STANDARD = "gnu++0x";
				CLANG_CXX_LIBRARY = "libc++";
				CLANG_ENABLE_OBJC_ARC = YES;
				GCC_C_LANGUAGE_STANDARD = gnu99;
				GCC_NO_COMMON_BLOCKS = YES;
				GCC_WARN_UNDECLARED_SELECTOR = YES;
				GCC_WARN_UNINITIALIZED_AUTOS = YES_AGGRESSIVE;
				LIBRARY_SEARCH_PATHS = (
					"$(inherited)",
					/usr/local/Cellar/libiomp/20150401/lib,
				);
				MACOSX_DEPLOYMENT_TARGET = 10.10;
				OTHER_CFLAGS = "-fopenmp";
				PRODUCT_NAME = "$(TARGET_NAME)";
				SDKROOT = macosx;
			};
			name = Release;
		};
/* End XCBuildConfiguration section */

/* Begin XCConfigurationList section */
		CBD68EAD1C971676006F8B72 /* Build configuration list for PBXProject "CSA_simulator_simple" */ = {
			isa = XCConfigurationList;
			buildConfigurations = (
				CBD68EB71C971676006F8B72 /* Debug */,
				CBD68EB81C971676006F8B72 /* Release */,
			);
			defaultConfigurationIsVisible = 0;
			defaultConfigurationName = Release;
		};
		CBD68EB91C971676006F8B72 /* Build configuration list for PBXNativeTarget "CSA_simulator_simple" */ = {
			isa = XCConfigurationList;
			buildConfigurations = (
				CBD68EBA1C971676006F8B72 /* Debug */,
				CBD68EBB1C971676006F8B72 /* Release */,
			);
			defaultConfigurationIsVisible = 0;
			defaultConfigurationName = Release;
		};
/* End XCConfigurationList section */
	};
	rootObject = CBD68EAA1C971676006F8B72 /* Project object */;
}
